
Microsoft Visual Studio Solution File, Format Version 12.00
# Visual Studio 15
VisualStudioVersion = 15.0.28307.168
MinimumVisualStudioVersion = 10.0.40219.1
Project("{FAE04EC0-301F-11D3-BF4B-00C04F79EFBC}") = "PM.Api", "PM.Api\PM.Api.csproj", "{7FBF96BC-1817-497A-A919-BA8181E28AA6}"
EndProject
Project("{FAE04EC0-301F-11D3-BF4B-00C04F79EFBC}") = "PM.Data", "PM.Data\PM.Data.csproj", "{957205DE-0A2F-4B25-BA03-05B014414EC8}"
EndProject
Project("{FAE04EC0-301F-11D3-BF4B-00C04F79EFBC}") = "PM.Models", "PM.Models\PM.Models.csproj", "{BED35B09-EDF8-4BD0-B783-0BE05F5B13EF}"
EndProject
Project("{FAE04EC0-301F-11D3-BF4B-00C04F79EFBC}") = "PM.BL", "PM.BL\PM.BL.csproj", "{6B26E180-7363-4AD0-A357-7B03704FA741}"
EndProject
Project("{2150E333-8FDC-42A3-9474-1A3956D46DE8}") = "Tests", "Tests", "{4813F32A-A55D-44D1-B803-F10A8CEA0CDF}"
EndProject
Global
	GlobalSection(SolutionConfigurationPlatforms) = preSolution
		Debug|Any CPU = Debug|Any CPU
		Home|Any CPU = Home|Any CPU
		Ofc|Any CPU = Ofc|Any CPU
		Release|Any CPU = Release|Any CPU
	EndGlobalSection
	GlobalSection(ProjectConfigurationPlatforms) = postSolution
		{7FBF96BC-1817-497A-A919-BA8181E28AA6}.Debug|Any CPU.ActiveCfg = Debug|Any CPU
		{7FBF96BC-1817-497A-A919-BA8181E28AA6}.Debug|Any CPU.Build.0 = Debug|Any CPU
		{7FBF96BC-1817-497A-A919-BA8181E28AA6}.Home|Any CPU.ActiveCfg = Home|Any CPU
		{7FBF96BC-1817-497A-A919-BA8181E28AA6}.Home|Any CPU.Build.0 = Home|Any CPU
		{7FBF96BC-1817-497A-A919-BA8181E28AA6}.Ofc|Any CPU.ActiveCfg = Ofc|Any CPU
		{7FBF96BC-1817-497A-A919-BA8181E28AA6}.Ofc|Any CPU.Build.0 = Ofc|Any CPU
		{7FBF96BC-1817-497A-A919-BA8181E28AA6}.Release|Any CPU.ActiveCfg = Release|Any CPU
		{7FBF96BC-1817-497A-A919-BA8181E28AA6}.Release|Any CPU.Build.0 = Release|Any CPU
		{957205DE-0A2F-4B25-BA03-05B014414EC8}.Debug|Any CPU.ActiveCfg = Debug|Any CPU
		{957205DE-0A2F-4B25-BA03-05B014414EC8}.Debug|Any CPU.Build.0 = Debug|Any CPU
		{957205DE-0A2F-4B25-BA03-05B014414EC8}.Home|Any CPU.ActiveCfg = Home|Any CPU
		{957205DE-0A2F-4B25-BA03-05B014414EC8}.Home|Any CPU.Build.0 = Home|Any CPU
		{957205DE-0A2F-4B25-BA03-05B014414EC8}.Ofc|Any CPU.ActiveCfg = Ofc|Any CPU
		{957205DE-0A2F-4B25-BA03-05B014414EC8}.Ofc|Any CPU.Build.0 = Ofc|Any CPU
		{957205DE-0A2F-4B25-BA03-05B014414EC8}.Release|Any CPU.ActiveCfg = Release|Any CPU
		{957205DE-0A2F-4B25-BA03-05B014414EC8}.Release|Any CPU.Build.0 = Release|Any CPU
		{BED35B09-EDF8-4BD0-B783-0BE05F5B13EF}.Debug|Any CPU.ActiveCfg = Debug|Any CPU
		{BED35B09-EDF8-4BD0-B783-0BE05F5B13EF}.Debug|Any CPU.Build.0 = Debug|Any CPU
		{BED35B09-EDF8-4BD0-B783-0BE05F5B13EF}.Home|Any CPU.ActiveCfg = Home|Any CPU
		{BED35B09-EDF8-4BD0-B783-0BE05F5B13EF}.Home|Any CPU.Build.0 = Home|Any CPU
		{BED35B09-EDF8-4BD0-B783-0BE05F5B13EF}.Ofc|Any CPU.ActiveCfg = Ofc|Any CPU
		{BED35B09-EDF8-4BD0-B783-0BE05F5B13EF}.Ofc|Any CPU.Build.0 = Ofc|Any CPU
		{BED35B09-EDF8-4BD0-B783-0BE05F5B13EF}.Release|Any CPU.ActiveCfg = Release|Any CPU
		{BED35B09-EDF8-4BD0-B783-0BE05F5B13EF}.Release|Any CPU.Build.0 = Release|Any CPU
		{6B26E180-7363-4AD0-A357-7B03704FA741}.Debug|Any CPU.ActiveCfg = Debug|Any CPU
		{6B26E180-7363-4AD0-A357-7B03704FA741}.Debug|Any CPU.Build.0 = Debug|Any CPU
		{6B26E180-7363-4AD0-A357-7B03704FA741}.Home|Any CPU.ActiveCfg = Home|Any CPU
		{6B26E180-7363-4AD0-A357-7B03704FA741}.Home|Any CPU.Build.0 = Home|Any CPU
		{6B26E180-7363-4AD0-A357-7B03704FA741}.Ofc|Any CPU.ActiveCfg = Ofc|Any CPU
		{6B26E180-7363-4AD0-A357-7B03704FA741}.Ofc|Any CPU.Build.0 = Ofc|Any CPU
		{6B26E180-7363-4AD0-A357-7B03704FA741}.Release|Any CPU.ActiveCfg = Release|Any CPU
		{6B26E180-7363-4AD0-A357-7B03704FA741}.Release|Any CPU.Build.0 = Release|Any CPU
	EndGlobalSection
	GlobalSection(SolutionProperties) = preSolution
		HideSolutionNode = FALSE
	EndGlobalSection
	GlobalSection(ExtensibilityGlobals) = postSolution
		SolutionGuid = {CC9EC4FD-2CDC-4EF5-BF94-DE32CEDA615F}
	EndGlobalSection
EndGlobal
